
Microsoft Visual Studio Solution File, Format Version 12.00
# Visual Studio Version 17
VisualStudioVersion = 17.11.35312.102
MinimumVisualStudioVersion = 10.0.40219.1
Project("{9A19103F-16F7-4668-BE54-9A1E7A4F7556}") = "HARestClient", "HARestClient\HARestClient.csproj", "{A12E9623-CE4F-4DB8-B632-B66001F38FE4}"
EndProject
Project("{9A19103F-16F7-4668-BE54-9A1E7A4F7556}") = "HAWebSocketClient", "HAWebSocketClient\HAWebSocketClient.csproj", "{EF636E93-3D91-4C5C-9A30-80A9F5263C23}"
EndProject
Project("{2150E333-8FDC-42A3-9474-1A3956D46DE8}") = "Solution Items", "Solution Items", "{2924D2FF-4C1E-4536-942C-7A0993269E9D}"
	ProjectSection(SolutionItems) = preProject
		README.md = README.md
	EndProjectSection
EndProject
Global
	GlobalSection(SolutionConfigurationPlatforms) = preSolution
		Debug|Any CPU = Debug|Any CPU
		Release|Any CPU = Release|Any CPU
	EndGlobalSection
	GlobalSection(ProjectConfigurationPlatforms) = postSolution
		{A12E9623-CE4F-4DB8-B632-B66001F38FE4}.Debug|Any CPU.ActiveCfg = Debug|Any CPU
		{A12E9623-CE4F-4DB8-B632-B66001F38FE4}.Debug|Any CPU.Build.0 = Debug|Any CPU
		{A12E9623-CE4F-4DB8-B632-B66001F38FE4}.Release|Any CPU.ActiveCfg = Release|Any CPU
		{A12E9623-CE4F-4DB8-B632-B66001F38FE4}.Release|Any CPU.Build.0 = Release|Any CPU
		{EF636E93-3D91-4C5C-9A30-80A9F5263C23}.Debug|Any CPU.ActiveCfg = Debug|Any CPU
		{EF636E93-3D91-4C5C-9A30-80A9F5263C23}.Debug|Any CPU.Build.0 = Debug|Any CPU
		{EF636E93-3D91-4C5C-9A30-80A9F5263C23}.Release|Any CPU.ActiveCfg = Release|Any CPU
		{EF636E93-3D91-4C5C-9A30-80A9F5263C23}.Release|Any CPU.Build.0 = Release|Any CPU
	EndGlobalSection
	GlobalSection(SolutionProperties) = preSolution
		HideSolutionNode = FALSE
	EndGlobalSection
	GlobalSection(ExtensibilityGlobals) = postSolution
		SolutionGuid = {2FE11D51-9D01-4E55-BD54-6CC6C90BB3C3}
	EndGlobalSection
EndGlobal
